
Microsoft Visual Studio Solution File, Format Version 12.00
# Visual Studio Version 16
VisualStudioVersion = 16.0.31702.278
MinimumVisualStudioVersion = 10.0.40219.1
Project("{FAE04EC0-301F-11D3-BF4B-00C04F79EFBC}") = "circles", "circles\circles.csproj", "{9D84692A-65FB-4DFD-83C0-9EF9B66F2FEB}"
EndProject
Global
	GlobalSection(SolutionConfigurationPlatforms) = preSolution
		Debug|Any CPU = Debug|Any CPU
		Release|Any CPU = Release|Any CPU
	EndGlobalSection
	GlobalSection(ProjectConfigurationPlatforms) = postSolution
		{9D84692A-65FB-4DFD-83C0-9EF9B66F2FEB}.Debug|Any CPU.ActiveCfg = Debug|Any CPU
		{9D84692A-65FB-4DFD-83C0-9EF9B66F2FEB}.Debug|Any CPU.Build.0 = Debug|Any CPU
		{9D84692A-65FB-4DFD-83C0-9EF9B66F2FEB}.Release|Any CPU.ActiveCfg = Release|Any CPU
		{9D84692A-65FB-4DFD-83C0-9EF9B66F2FEB}.Release|Any CPU.Build.0 = Release|Any CPU
	EndGlobalSection
	GlobalSection(SolutionProperties) = preSolution
		HideSolutionNode = FALSE
	EndGlobalSection
	GlobalSection(ExtensibilityGlobals) = postSolution
		SolutionGuid = {5B31DE29-6350-4FED-ADEE-020E9589333D}
	EndGlobalSection
EndGlobal
